
Microsoft Visual Studio Solution File, Format Version 12.00
# Visual Studio Version 16
VisualStudioVersion = 16.6.30114.105
MinimumVisualStudioVersion = 10.0.40219.1
Project("{2150E333-8FDC-42A3-9474-1A3956D46DE8}") = "src", "src", "{435DAA6D-1780-4338-8C7E-ECCE96E12256}"
EndProject
Project("{2150E333-8FDC-42A3-9474-1A3956D46DE8}") = "test", "test", "{890C05B8-CD6A-4737-BD03-EED204C4B04E}"
EndProject
Project("{2150E333-8FDC-42A3-9474-1A3956D46DE8}") = "BugBox", "BugBox", "{BE721BEA-9207-4E68-AF24-329BFA97F28B}"
EndProject
Project("{9A19103F-16F7-4668-BE54-9A1E7A4F7556}") = "BugBox.Domain.Shared", "test\BugBox\BugBox.Domain.Shared\BugBox.Domain.Shared.csproj", "{D85C524C-6A02-48EF-A988-AD1D0ABA3DBA}"
EndProject
Project("{9A19103F-16F7-4668-BE54-9A1E7A4F7556}") = "BugBox.Domain", "test\BugBox\BugBox.Domain\BugBox.Domain.csproj", "{02BDF315-B4BE-4B0D-90A9-F9048D9C207A}"
EndProject
Project("{9A19103F-16F7-4668-BE54-9A1E7A4F7556}") = "BugBox.Repository.EF", "test\BugBox\BugBox.Repository.EF\BugBox.Repository.EF.csproj", "{F452597E-2C90-4D55-A52F-BAC228BC361B}"
EndProject
Project("{9A19103F-16F7-4668-BE54-9A1E7A4F7556}") = "BugBox.App.Contracts", "test\BugBox\BugBox.App.Contracts\BugBox.App.Contracts.csproj", "{D9336F80-F6C6-4E6A-AFD1-1C281086B181}"
EndProject
Project("{9A19103F-16F7-4668-BE54-9A1E7A4F7556}") = "BugBox.App", "test\BugBox\BugBox.App\BugBox.App.csproj", "{1E600F68-20C6-41BE-8532-09BC88C70DB0}"
EndProject
Project("{9A19103F-16F7-4668-BE54-9A1E7A4F7556}") = "BugBox.HttpApi", "test\BugBox\BugBox.HttpApi\BugBox.HttpApi.csproj", "{46B36732-06C0-44CC-B59C-F4C590DDCD9C}"
EndProject
Project("{9A19103F-16F7-4668-BE54-9A1E7A4F7556}") = "BugBox.MvcWeb", "test\BugBox\BugBox.MvcWeb\BugBox.MvcWeb.csproj", "{73AC8A7F-5E68-4289-BD43-F77689A3F861}"
EndProject
Project("{FAE04EC0-301F-11D3-BF4B-00C04F79EFBC}") = "BugBox.Test", "test\BugBox\BugBox.Test\BugBox.Test.csproj", "{9349A749-3985-4A9D-B6BE-6506E5284788}"
EndProject
Global
	GlobalSection(SolutionConfigurationPlatforms) = preSolution
		Debug|Any CPU = Debug|Any CPU
		Debug|x64 = Debug|x64
		Debug|x86 = Debug|x86
		Release|Any CPU = Release|Any CPU
		Release|x64 = Release|x64
		Release|x86 = Release|x86
	EndGlobalSection
	GlobalSection(ProjectConfigurationPlatforms) = postSolution
		{D85C524C-6A02-48EF-A988-AD1D0ABA3DBA}.Debug|Any CPU.ActiveCfg = Debug|Any CPU
		{D85C524C-6A02-48EF-A988-AD1D0ABA3DBA}.Debug|Any CPU.Build.0 = Debug|Any CPU
		{D85C524C-6A02-48EF-A988-AD1D0ABA3DBA}.Debug|x64.ActiveCfg = Debug|Any CPU
		{D85C524C-6A02-48EF-A988-AD1D0ABA3DBA}.Debug|x64.Build.0 = Debug|Any CPU
		{D85C524C-6A02-48EF-A988-AD1D0ABA3DBA}.Debug|x86.ActiveCfg = Debug|Any CPU
		{D85C524C-6A02-48EF-A988-AD1D0ABA3DBA}.Debug|x86.Build.0 = Debug|Any CPU
		{D85C524C-6A02-48EF-A988-AD1D0ABA3DBA}.Release|Any CPU.ActiveCfg = Release|Any CPU
		{D85C524C-6A02-48EF-A988-AD1D0ABA3DBA}.Release|Any CPU.Build.0 = Release|Any CPU
		{D85C524C-6A02-48EF-A988-AD1D0ABA3DBA}.Release|x64.ActiveCfg = Release|Any CPU
		{D85C524C-6A02-48EF-A988-AD1D0ABA3DBA}.Release|x64.Build.0 = Release|Any CPU
		{D85C524C-6A02-48EF-A988-AD1D0ABA3DBA}.Release|x86.ActiveCfg = Release|Any CPU
		{D85C524C-6A02-48EF-A988-AD1D0ABA3DBA}.Release|x86.Build.0 = Release|Any CPU
		{02BDF315-B4BE-4B0D-90A9-F9048D9C207A}.Debug|Any CPU.ActiveCfg = Debug|Any CPU
		{02BDF315-B4BE-4B0D-90A9-F9048D9C207A}.Debug|Any CPU.Build.0 = Debug|Any CPU
		{02BDF315-B4BE-4B0D-90A9-F9048D9C207A}.Debug|x64.ActiveCfg = Debug|Any CPU
		{02BDF315-B4BE-4B0D-90A9-F9048D9C207A}.Debug|x64.Build.0 = Debug|Any CPU
		{02BDF315-B4BE-4B0D-90A9-F9048D9C207A}.Debug|x86.ActiveCfg = Debug|Any CPU
		{02BDF315-B4BE-4B0D-90A9-F9048D9C207A}.Debug|x86.Build.0 = Debug|Any CPU
		{02BDF315-B4BE-4B0D-90A9-F9048D9C207A}.Release|Any CPU.ActiveCfg = Release|Any CPU
		{02BDF315-B4BE-4B0D-90A9-F9048D9C207A}.Release|Any CPU.Build.0 = Release|Any CPU
		{02BDF315-B4BE-4B0D-90A9-F9048D9C207A}.Release|x64.ActiveCfg = Release|Any CPU
		{02BDF315-B4BE-4B0D-90A9-F9048D9C207A}.Release|x64.Build.0 = Release|Any CPU
		{02BDF315-B4BE-4B0D-90A9-F9048D9C207A}.Release|x86.ActiveCfg = Release|Any CPU
		{02BDF315-B4BE-4B0D-90A9-F9048D9C207A}.Release|x86.Build.0 = Release|Any CPU
		{F452597E-2C90-4D55-A52F-BAC228BC361B}.Debug|Any CPU.ActiveCfg = Debug|Any CPU
		{F452597E-2C90-4D55-A52F-BAC228BC361B}.Debug|Any CPU.Build.0 = Debug|Any CPU
		{F452597E-2C90-4D55-A52F-BAC228BC361B}.Debug|x64.ActiveCfg = Debug|Any CPU
		{F452597E-2C90-4D55-A52F-BAC228BC361B}.Debug|x64.Build.0 = Debug|Any CPU
		{F452597E-2C90-4D55-A52F-BAC228BC361B}.Debug|x86.ActiveCfg = Debug|Any CPU
		{F452597E-2C90-4D55-A52F-BAC228BC361B}.Debug|x86.Build.0 = Debug|Any CPU
		{F452597E-2C90-4D55-A52F-BAC228BC361B}.Release|Any CPU.ActiveCfg = Release|Any CPU
		{F452597E-2C90-4D55-A52F-BAC228BC361B}.Release|Any CPU.Build.0 = Release|Any CPU
		{F452597E-2C90-4D55-A52F-BAC228BC361B}.Release|x64.ActiveCfg = Release|Any CPU
		{F452597E-2C90-4D55-A52F-BAC228BC361B}.Release|x64.Build.0 = Release|Any CPU
		{F452597E-2C90-4D55-A52F-BAC228BC361B}.Release|x86.ActiveCfg = Release|Any CPU
		{F452597E-2C90-4D55-A52F-BAC228BC361B}.Release|x86.Build.0 = Release|Any CPU
		{D9336F80-F6C6-4E6A-AFD1-1C281086B181}.Debug|Any CPU.ActiveCfg = Debug|Any CPU
		{D9336F80-F6C6-4E6A-AFD1-1C281086B181}.Debug|Any CPU.Build.0 = Debug|Any CPU
		{D9336F80-F6C6-4E6A-AFD1-1C281086B181}.Debug|x64.ActiveCfg = Debug|Any CPU
		{D9336F80-F6C6-4E6A-AFD1-1C281086B181}.Debug|x64.Build.0 = Debug|Any CPU
		{D9336F80-F6C6-4E6A-AFD1-1C281086B181}.Debug|x86.ActiveCfg = Debug|Any CPU
		{D9336F80-F6C6-4E6A-AFD1-1C281086B181}.Debug|x86.Build.0 = Debug|Any CPU
		{D9336F80-F6C6-4E6A-AFD1-1C281086B181}.Release|Any CPU.ActiveCfg = Release|Any CPU
		{D9336F80-F6C6-4E6A-AFD1-1C281086B181}.Release|Any CPU.Build.0 = Release|Any CPU
		{D9336F80-F6C6-4E6A-AFD1-1C281086B181}.Release|x64.ActiveCfg = Release|Any CPU
		{D9336F80-F6C6-4E6A-AFD1-1C281086B181}.Release|x64.Build.0 = Release|Any CPU
		{D9336F80-F6C6-4E6A-AFD1-1C281086B181}.Release|x86.ActiveCfg = Release|Any CPU
		{D9336F80-F6C6-4E6A-AFD1-1C281086B181}.Release|x86.Build.0 = Release|Any CPU
		{1E600F68-20C6-41BE-8532-09BC88C70DB0}.Debug|Any CPU.ActiveCfg = Debug|Any CPU
		{1E600F68-20C6-41BE-8532-09BC88C70DB0}.Debug|Any CPU.Build.0 = Debug|Any CPU
		{1E600F68-20C6-41BE-8532-09BC88C70DB0}.Debug|x64.ActiveCfg = Debug|Any CPU
		{1E600F68-20C6-41BE-8532-09BC88C70DB0}.Debug|x64.Build.0 = Debug|Any CPU
		{1E600F68-20C6-41BE-8532-09BC88C70DB0}.Debug|x86.ActiveCfg = Debug|Any CPU
		{1E600F68-20C6-41BE-8532-09BC88C70DB0}.Debug|x86.Build.0 = Debug|Any CPU
		{1E600F68-20C6-41BE-8532-09BC88C70DB0}.Release|Any CPU.ActiveCfg = Release|Any CPU
		{1E600F68-20C6-41BE-8532-09BC88C70DB0}.Release|Any CPU.Build.0 = Release|Any CPU
		{1E600F68-20C6-41BE-8532-09BC88C70DB0}.Release|x64.ActiveCfg = Release|Any CPU
		{1E600F68-20C6-41BE-8532-09BC88C70DB0}.Release|x64.Build.0 = Release|Any CPU
		{1E600F68-20C6-41BE-8532-09BC88C70DB0}.Release|x86.ActiveCfg = Release|Any CPU
		{1E600F68-20C6-41BE-8532-09BC88C70DB0}.Release|x86.Build.0 = Release|Any CPU
		{46B36732-06C0-44CC-B59C-F4C590DDCD9C}.Debug|Any CPU.ActiveCfg = Debug|Any CPU
		{46B36732-06C0-44CC-B59C-F4C590DDCD9C}.Debug|Any CPU.Build.0 = Debug|Any CPU
		{46B36732-06C0-44CC-B59C-F4C590DDCD9C}.Debug|x64.ActiveCfg = Debug|Any CPU
		{46B36732-06C0-44CC-B59C-F4C590DDCD9C}.Debug|x64.Build.0 = Debug|Any CPU
		{46B36732-06C0-44CC-B59C-F4C590DDCD9C}.Debug|x86.ActiveCfg = Debug|Any CPU
		{46B36732-06C0-44CC-B59C-F4C590DDCD9C}.Debug|x86.Build.0 = Debug|Any CPU
		{46B36732-06C0-44CC-B59C-F4C590DDCD9C}.Release|Any CPU.ActiveCfg = Release|Any CPU
		{46B36732-06C0-44CC-B59C-F4C590DDCD9C}.Release|Any CPU.Build.0 = Release|Any CPU
		{46B36732-06C0-44CC-B59C-F4C590DDCD9C}.Release|x64.ActiveCfg = Release|Any CPU
		{46B36732-06C0-44CC-B59C-F4C590DDCD9C}.Release|x64.Build.0 = Release|Any CPU
		{46B36732-06C0-44CC-B59C-F4C590DDCD9C}.Release|x86.ActiveCfg = Release|Any CPU
		{46B36732-06C0-44CC-B59C-F4C590DDCD9C}.Release|x86.Build.0 = Release|Any CPU
		{73AC8A7F-5E68-4289-BD43-F77689A3F861}.Debug|Any CPU.ActiveCfg = Debug|Any CPU
		{73AC8A7F-5E68-4289-BD43-F77689A3F861}.Debug|Any CPU.Build.0 = Debug|Any CPU
		{73AC8A7F-5E68-4289-BD43-F77689A3F861}.Debug|x64.ActiveCfg = Debug|Any CPU
		{73AC8A7F-5E68-4289-BD43-F77689A3F861}.Debug|x64.Build.0 = Debug|Any CPU
		{73AC8A7F-5E68-4289-BD43-F77689A3F861}.Debug|x86.ActiveCfg = Debug|Any CPU
		{73AC8A7F-5E68-4289-BD43-F77689A3F861}.Debug|x86.Build.0 = Debug|Any CPU
		{73AC8A7F-5E68-4289-BD43-F77689A3F861}.Release|Any CPU.ActiveCfg = Release|Any CPU
		{73AC8A7F-5E68-4289-BD43-F77689A3F861}.Release|Any CPU.Build.0 = Release|Any CPU
		{73AC8A7F-5E68-4289-BD43-F77689A3F861}.Release|x64.ActiveCfg = Release|Any CPU
		{73AC8A7F-5E68-4289-BD43-F77689A3F861}.Release|x64.Build.0 = Release|Any CPU
		{73AC8A7F-5E68-4289-BD43-F77689A3F861}.Release|x86.ActiveCfg = Release|Any CPU
		{73AC8A7F-5E68-4289-BD43-F77689A3F861}.Release|x86.Build.0 = Release|Any CPU
		{9349A749-3985-4A9D-B6BE-6506E5284788}.Debug|Any CPU.ActiveCfg = Debug|Any CPU
		{9349A749-3985-4A9D-B6BE-6506E5284788}.Debug|Any CPU.Build.0 = Debug|Any CPU
		{9349A749-3985-4A9D-B6BE-6506E5284788}.Debug|x64.ActiveCfg = Debug|Any CPU
		{9349A749-3985-4A9D-B6BE-6506E5284788}.Debug|x64.Build.0 = Debug|Any CPU
		{9349A749-3985-4A9D-B6BE-6506E5284788}.Debug|x86.ActiveCfg = Debug|Any CPU
		{9349A749-3985-4A9D-B6BE-6506E5284788}.Debug|x86.Build.0 = Debug|Any CPU
		{9349A749-3985-4A9D-B6BE-6506E5284788}.Release|Any CPU.ActiveCfg = Release|Any CPU
		{9349A749-3985-4A9D-B6BE-6506E5284788}.Release|Any CPU.Build.0 = Release|Any CPU
		{9349A749-3985-4A9D-B6BE-6506E5284788}.Release|x64.ActiveCfg = Release|Any CPU
		{9349A749-3985-4A9D-B6BE-6506E5284788}.Release|x64.Build.0 = Release|Any CPU
		{9349A749-3985-4A9D-B6BE-6506E5284788}.Release|x86.ActiveCfg = Release|Any CPU
		{9349A749-3985-4A9D-B6BE-6506E5284788}.Release|x86.Build.0 = Release|Any CPU
	EndGlobalSection
	GlobalSection(SolutionProperties) = preSolution
		HideSolutionNode = FALSE
	EndGlobalSection
	GlobalSection(NestedProjects) = preSolution
		{BE721BEA-9207-4E68-AF24-329BFA97F28B} = {890C05B8-CD6A-4737-BD03-EED204C4B04E}
		{D85C524C-6A02-48EF-A988-AD1D0ABA3DBA} = {BE721BEA-9207-4E68-AF24-329BFA97F28B}
		{02BDF315-B4BE-4B0D-90A9-F9048D9C207A} = {BE721BEA-9207-4E68-AF24-329BFA97F28B}
		{F452597E-2C90-4D55-A52F-BAC228BC361B} = {BE721BEA-9207-4E68-AF24-329BFA97F28B}
		{D9336F80-F6C6-4E6A-AFD1-1C281086B181} = {BE721BEA-9207-4E68-AF24-329BFA97F28B}
		{1E600F68-20C6-41BE-8532-09BC88C70DB0} = {BE721BEA-9207-4E68-AF24-329BFA97F28B}
		{46B36732-06C0-44CC-B59C-F4C590DDCD9C} = {BE721BEA-9207-4E68-AF24-329BFA97F28B}
		{73AC8A7F-5E68-4289-BD43-F77689A3F861} = {BE721BEA-9207-4E68-AF24-329BFA97F28B}
		{9349A749-3985-4A9D-B6BE-6506E5284788} = {BE721BEA-9207-4E68-AF24-329BFA97F28B}
	EndGlobalSection
	GlobalSection(ExtensibilityGlobals) = postSolution
		SolutionGuid = {0174EE82-9DCB-49F7-B144-5D6F39A7C90A}
	EndGlobalSection
EndGlobal
